
Microsoft Visual Studio Solution File, Format Version 12.00
# Visual Studio Version 16
VisualStudioVersion = 16.0.30804.86
MinimumVisualStudioVersion = 10.0.40219.1
Project("{FAE04EC0-301F-11D3-BF4B-00C04F79EFBC}") = "AirbnbAppli", "AirbnbAppli\AirbnbAppli.csproj", "{3D63FEB1-B40D-40BB-AFE3-9972D5D67E7F}"
EndProject
Global
	GlobalSection(SolutionConfigurationPlatforms) = preSolution
		Debug|Any CPU = Debug|Any CPU
		Release|Any CPU = Release|Any CPU
	EndGlobalSection
	GlobalSection(ProjectConfigurationPlatforms) = postSolution
		{3D63FEB1-B40D-40BB-AFE3-9972D5D67E7F}.Debug|Any CPU.ActiveCfg = Debug|Any CPU
		{3D63FEB1-B40D-40BB-AFE3-9972D5D67E7F}.Debug|Any CPU.Build.0 = Debug|Any CPU
		{3D63FEB1-B40D-40BB-AFE3-9972D5D67E7F}.Release|Any CPU.ActiveCfg = Release|Any CPU
		{3D63FEB1-B40D-40BB-AFE3-9972D5D67E7F}.Release|Any CPU.Build.0 = Release|Any CPU
	EndGlobalSection
	GlobalSection(SolutionProperties) = preSolution
		HideSolutionNode = FALSE
	EndGlobalSection
	GlobalSection(ExtensibilityGlobals) = postSolution
		SolutionGuid = {5D0431FB-EFB7-4653-A12B-61A14C51DEAB}
	EndGlobalSection
EndGlobal
